
Microsoft Visual Studio Solution File, Format Version 12.00
Project("{FAE04EC0-301F-11D3-BF4B-00C04F79EFBC}") = "Pathways", "Pathways\Pathways.csproj", "{363F4761-4BB8-4D36-85E8-417B31504780}"
EndProject
Project("{FAE04EC0-301F-11D3-BF4B-00C04F79EFBC}") = "PathwaysDemo", "PathwaysDemo\PathwaysDemo.csproj", "{B96B1073-8A2C-4496-A7E2-ABC3877CEB3F}"
EndProject
Global
	GlobalSection(SolutionConfigurationPlatforms) = preSolution
		Debug|Any CPU = Debug|Any CPU
		Release|Any CPU = Release|Any CPU
	EndGlobalSection
	GlobalSection(ProjectConfigurationPlatforms) = postSolution
		{363F4761-4BB8-4D36-85E8-417B31504780}.Debug|Any CPU.ActiveCfg = Debug|Any CPU
		{363F4761-4BB8-4D36-85E8-417B31504780}.Debug|Any CPU.Build.0 = Debug|Any CPU
		{363F4761-4BB8-4D36-85E8-417B31504780}.Release|Any CPU.ActiveCfg = Release|Any CPU
		{363F4761-4BB8-4D36-85E8-417B31504780}.Release|Any CPU.Build.0 = Release|Any CPU
		{B96B1073-8A2C-4496-A7E2-ABC3877CEB3F}.Debug|Any CPU.ActiveCfg = Debug|Any CPU
		{B96B1073-8A2C-4496-A7E2-ABC3877CEB3F}.Debug|Any CPU.Build.0 = Debug|Any CPU
		{B96B1073-8A2C-4496-A7E2-ABC3877CEB3F}.Release|Any CPU.ActiveCfg = Release|Any CPU
		{B96B1073-8A2C-4496-A7E2-ABC3877CEB3F}.Release|Any CPU.Build.0 = Release|Any CPU
	EndGlobalSection
EndGlobal
